{
  "version": 4,
  "terraform_version": "1.3.4",
  "serial": 7,
  "lineage": "de730cbf-c5eb-7359-e0ba-c982417c9c39",
  "outputs": {
    "server_ip": {
      "value": "137.184.82.251",
      "type": "string"
    }
  },
  "resources": [
    {
      "mode": "data",
      "type": "digitalocean_project",
      "name": "lab_project",
      "provider": "provider[\"registry.terraform.io/digitalocean/digitalocean\"]",
      "instances": [
        {
          "schema_version": 0,
          "attributes": {
            "created_at": "2022-11-03T03:44:50Z",
            "description": "",
            "environment": "",
            "id": "2f392a9c-a66e-4351-9291-62ecfa756f1d",
            "is_default": false,
            "name": "lab 5",
            "owner_id": 12763188,
            "owner_uuid": "5950fb93-ffe8-43d7-b443-c2e4cdeb52d8",
            "purpose": "Class project / Educational purposes",
            "resources": [],
            "updated_at": "2022-11-03T03:44:50Z"
          },
          "sensitive_attributes": []
        }
      ]
    },
    {
      "mode": "data",
      "type": "digitalocean_ssh_key",
      "name": "acitP",
      "provider": "provider[\"registry.terraform.io/digitalocean/digitalocean\"]",
      "instances": [
        {
          "schema_version": 0,
          "attributes": {
            "fingerprint": "cf:75:7f:3b:23:00:e4:48:ea:73:1f:00:0e:a7:c3:4e",
            "id": 36671210,
            "name": "acitP",
            "public_key": "ssh-rsa AAAAB3NzaC1yc2EAAAADAQABAAABgQDFT1rVsppCKk7sxrK6ccwJ0kx+yLLtNYD6IbXtHVLdWza4jqADtI8ZMjy5C35/JwfEpaAcdd5hgqtMfCQQZo8CV4tsp1eCZw4a2O2TrgR3AcuDJYH++vwWb6mbZTEB85bxndPe2e4cZZbU/s42nvwIoFdh+sBpVpXrQcMKhVY6QeOl7wZKO120teXxwhFP5SJaDrUTB1dSg5h/CRP7ObUPI3wT3T2HTX73Wb086K5gZ+OAsNE5B8DUuy2en634yQYE4JqopoJPJpyfsAMu/daFelT4L+1VxbOB0+5/IIBgkXyWDtyQnXX0GwZKe3sVZtJqEusTnQHfkK3RYmtTBA5RVAZLLeAoFo/eDh/Tbqzu9qACGp0tLJSOmWGOvyuRaI0FCFaEwRwLL5/k++vb1MLMSil8/HwMgfk0XLePCnagP38xr230XEVVvYQn4X0qkVy7F33FkTq9eQANEZkb6Xnrgp8gHu0qee13a9pXRtnrAgRWs9JdVF3Y3gErCpUyjpk= user@DESKTOP-SOUFOMG"
          },
          "sensitive_attributes": []
        }
      ]
    },
    {
      "mode": "managed",
      "type": "digitalocean_droplet",
      "name": "web",
      "provider": "provider[\"registry.terraform.io/digitalocean/digitalocean\"]",
      "instances": [
        {
          "schema_version": 1,
          "attributes": {
            "backups": false,
            "created_at": "2022-11-05T01:42:25Z",
            "disk": 10,
            "droplet_agent": null,
            "graceful_shutdown": false,
            "id": "324548355",
            "image": "rockylinux-9-x64",
            "ipv4_address": "137.184.82.251",
            "ipv4_address_private": "10.124.0.2",
            "ipv6": false,
            "ipv6_address": "",
            "locked": false,
            "memory": 512,
            "monitoring": false,
            "name": "web-1",
            "price_hourly": 0.00595,
            "price_monthly": 4,
            "private_networking": true,
            "region": "sfo3",
            "resize_disk": true,
            "size": "s-1vcpu-512mb-10gb",
            "ssh_keys": [
              "36671210"
            ],
            "status": "active",
            "tags": [
              "web"
            ],
            "timeouts": null,
            "urn": "do:droplet:324548355",
            "user_data": null,
            "vcpus": 1,
            "volume_ids": [],
            "vpc_uuid": "f5173f98-ec06-4e93-9046-06db875bfbd8"
          },
          "sensitive_attributes": [],
          "private": "eyJlMmJmYjczMC1lY2FhLTExZTYtOGY4OC0zNDM2M2JjN2M0YzAiOnsiY3JlYXRlIjozNjAwMDAwMDAwMDAwLCJkZWxldGUiOjYwMDAwMDAwMDAwLCJ1cGRhdGUiOjM2MDAwMDAwMDAwMDB9LCJzY2hlbWFfdmVyc2lvbiI6IjEifQ==",
          "dependencies": [
            "data.digitalocean_ssh_key.acitP",
            "digitalocean_tag.do_tag",
            "digitalocean_vpc.web_vpc"
          ]
        }
      ]
    },
    {
      "mode": "managed",
      "type": "digitalocean_project_resources",
      "name": "project_attach",
      "provider": "provider[\"registry.terraform.io/digitalocean/digitalocean\"]",
      "instances": [
        {
          "schema_version": 0,
          "attributes": {
            "id": "2f392a9c-a66e-4351-9291-62ecfa756f1d",
            "project": "2f392a9c-a66e-4351-9291-62ecfa756f1d",
            "resources": [
              "do:droplet:324548355"
            ]
          },
          "sensitive_attributes": [],
          "private": "bnVsbA==",
          "dependencies": [
            "data.digitalocean_project.lab_project",
            "data.digitalocean_ssh_key.acitP",
            "digitalocean_droplet.web",
            "digitalocean_tag.do_tag",
            "digitalocean_vpc.web_vpc"
          ]
        }
      ]
    },
    {
      "mode": "managed",
      "type": "digitalocean_tag",
      "name": "do_tag",
      "provider": "provider[\"registry.terraform.io/digitalocean/digitalocean\"]",
      "instances": [
        {
          "schema_version": 0,
          "attributes": {
            "databases_count": 0,
            "droplets_count": 1,
            "id": "web",
            "images_count": 0,
            "name": "web",
            "total_resource_count": 1,
            "volume_snapshots_count": 0,
            "volumes_count": 0
          },
          "sensitive_attributes": [],
          "private": "bnVsbA=="
        }
      ]
    },
    {
      "mode": "managed",
      "type": "digitalocean_vpc",
      "name": "web_vpc",
      "provider": "provider[\"registry.terraform.io/digitalocean/digitalocean\"]",
      "instances": [
        {
          "schema_version": 0,
          "attributes": {
            "created_at": "2022-11-05 01:42:24 +0000 UTC",
            "default": true,
            "description": "",
            "id": "f5173f98-ec06-4e93-9046-06db875bfbd8",
            "ip_range": "10.124.0.0/20",
            "name": "web",
            "region": "sfo3",
            "timeouts": null,
            "urn": "do:vpc:f5173f98-ec06-4e93-9046-06db875bfbd8"
          },
          "sensitive_attributes": [],
          "private": "eyJlMmJmYjczMC1lY2FhLTExZTYtOGY4OC0zNDM2M2JjN2M0YzAiOnsiZGVsZXRlIjoxMjAwMDAwMDAwMDB9fQ=="
        }
      ]
    }
  ],
  "check_results": null
}
